
Microsoft Visual Studio Solution File, Format Version 12.00
# Visual Studio Version 16
VisualStudioVersion = 16.0.29709.97
MinimumVisualStudioVersion = 10.0.40219.1
Project("{9A19103F-16F7-4668-BE54-9A1E7A4F7556}") = "Rezervigo", "Rezervigo.csproj", "{C4DF0943-C03B-4D07-B2F6-492FEBEA53E2}"
EndProject
Project("{9A19103F-16F7-4668-BE54-9A1E7A4F7556}") = "RezervigoData", "..\RezervoData\RezervigoData.csproj", "{18A78566-357E-4B00-906C-993131FA7ACA}"
EndProject
Project("{9A19103F-16F7-4668-BE54-9A1E7A4F7556}") = "RezervigoServices", "..\RezervigoService\RezervigoServices.csproj", "{789C54B4-0A90-4AC2-AFD5-F772F809ABBE}"
EndProject
Global
	GlobalSection(SolutionConfigurationPlatforms) = preSolution
		Debug|Any CPU = Debug|Any CPU
		Release|Any CPU = Release|Any CPU
	EndGlobalSection
	GlobalSection(ProjectConfigurationPlatforms) = postSolution
		{C4DF0943-C03B-4D07-B2F6-492FEBEA53E2}.Debug|Any CPU.ActiveCfg = Debug|Any CPU
		{C4DF0943-C03B-4D07-B2F6-492FEBEA53E2}.Debug|Any CPU.Build.0 = Debug|Any CPU
		{C4DF0943-C03B-4D07-B2F6-492FEBEA53E2}.Release|Any CPU.ActiveCfg = Release|Any CPU
		{C4DF0943-C03B-4D07-B2F6-492FEBEA53E2}.Release|Any CPU.Build.0 = Release|Any CPU
		{18A78566-357E-4B00-906C-993131FA7ACA}.Debug|Any CPU.ActiveCfg = Debug|Any CPU
		{18A78566-357E-4B00-906C-993131FA7ACA}.Debug|Any CPU.Build.0 = Debug|Any CPU
		{18A78566-357E-4B00-906C-993131FA7ACA}.Release|Any CPU.ActiveCfg = Release|Any CPU
		{18A78566-357E-4B00-906C-993131FA7ACA}.Release|Any CPU.Build.0 = Release|Any CPU
		{789C54B4-0A90-4AC2-AFD5-F772F809ABBE}.Debug|Any CPU.ActiveCfg = Debug|Any CPU
		{789C54B4-0A90-4AC2-AFD5-F772F809ABBE}.Debug|Any CPU.Build.0 = Debug|Any CPU
		{789C54B4-0A90-4AC2-AFD5-F772F809ABBE}.Release|Any CPU.ActiveCfg = Release|Any CPU
		{789C54B4-0A90-4AC2-AFD5-F772F809ABBE}.Release|Any CPU.Build.0 = Release|Any CPU
	EndGlobalSection
	GlobalSection(SolutionProperties) = preSolution
		HideSolutionNode = FALSE
	EndGlobalSection
	GlobalSection(ExtensibilityGlobals) = postSolution
		SolutionGuid = {FC48F246-BFF0-4522-8F05-033B626BAF59}
	EndGlobalSection
EndGlobal
